
Microsoft Visual Studio Solution File, Format Version 12.00
# Visual Studio Version 17
VisualStudioVersion = 17.5.33502.453
MinimumVisualStudioVersion = 10.0.40219.1
Project("{FAE04EC0-301F-11D3-BF4B-00C04F79EFBC}") = "EMR", "EMR\EMR.csproj", "{D7C0B991-7637-4F7D-9F12-C6B32163DF73}"
EndProject
Project("{FAE04EC0-301F-11D3-BF4B-00C04F79EFBC}") = "EMR.Tests", "EMR.Tests\EMR.Tests.csproj", "{2F3C7E23-35DF-43BF-A9CE-1C98F6859CFC}"
EndProject
Global
	GlobalSection(SolutionConfigurationPlatforms) = preSolution
		Debug|Any CPU = Debug|Any CPU
		Release|Any CPU = Release|Any CPU
	EndGlobalSection
	GlobalSection(ProjectConfigurationPlatforms) = postSolution
		{D7C0B991-7637-4F7D-9F12-C6B32163DF73}.Debug|Any CPU.ActiveCfg = Debug|Any CPU
		{D7C0B991-7637-4F7D-9F12-C6B32163DF73}.Debug|Any CPU.Build.0 = Debug|Any CPU
		{D7C0B991-7637-4F7D-9F12-C6B32163DF73}.Release|Any CPU.ActiveCfg = Release|Any CPU
		{D7C0B991-7637-4F7D-9F12-C6B32163DF73}.Release|Any CPU.Build.0 = Release|Any CPU
		{2F3C7E23-35DF-43BF-A9CE-1C98F6859CFC}.Debug|Any CPU.ActiveCfg = Debug|Any CPU
		{2F3C7E23-35DF-43BF-A9CE-1C98F6859CFC}.Debug|Any CPU.Build.0 = Debug|Any CPU
		{2F3C7E23-35DF-43BF-A9CE-1C98F6859CFC}.Release|Any CPU.ActiveCfg = Release|Any CPU
		{2F3C7E23-35DF-43BF-A9CE-1C98F6859CFC}.Release|Any CPU.Build.0 = Release|Any CPU
	EndGlobalSection
	GlobalSection(SolutionProperties) = preSolution
		HideSolutionNode = FALSE
	EndGlobalSection
	GlobalSection(ExtensibilityGlobals) = postSolution
		SolutionGuid = {5E0977BF-7239-4FCE-B136-C33CB73CF376}
	EndGlobalSection
EndGlobal
